// !$*UTF8*$!
{
	archiveVersion = 1;
	classes = {
	};
	objectVersion = 56;
	objects = {

/* Begin PBXBuildFile section */
		58EAD56229B3A554003A93BA /* ExampleApp.swift in Sources */ = {isa = PBXBuildFile; fileRef = 58EAD56129B3A554003A93BA /* ExampleApp.swift */; };
		58EAD56429B3A554003A93BA /* ContentView.swift in Sources */ = {isa = PBXBuildFile; fileRef = 58EAD56329B3A554003A93BA /* ContentView.swift */; };
		58EAD56629B3A555003A93BA /* Assets.xcassets in Resources */ = {isa = PBXBuildFile; fileRef = 58EAD56529B3A555003A93BA /* Assets.xcassets */; };
		58EAD56929B3A555003A93BA /* Preview Assets.xcassets in Resources */ = {isa = PBXBuildFile; fileRef = 58EAD56829B3A555003A93BA /* Preview Assets.xcassets */; };
		58EAD57329B3A555003A93BA /* ExampleTests.swift in Sources */ = {isa = PBXBuildFile; fileRef = 58EAD57229B3A555003A93BA /* ExampleTests.swift */; };
		58EAD57D29B3A555003A93BA /* ExampleUITests.swift in Sources */ = {isa = PBXBuildFile; fileRef = 58EAD57C29B3A555003A93BA /* ExampleUITests.swift */; };
		58EAD57F29B3A555003A93BA /* ExampleUITestsLaunchTests.swift in Sources */ = {isa = PBXBuildFile; fileRef = 58EAD57E29B3A555003A93BA /* ExampleUITestsLaunchTests.swift */; };
		58EAD58D29B3A610003A93BA /* ReverseMask in Frameworks */ = {isa = PBXBuildFile; productRef = 58EAD58C29B3A610003A93BA /* ReverseMask */; };
/* End PBXBuildFile section */

/* Begin PBXContainerItemProxy section */
		58EAD56F29B3A555003A93BA /* PBXContainerItemProxy */ = {
			isa = PBXContainerItemProxy;
			containerPortal = 58EAD55629B3A554003A93BA /* Project object */;
			proxyType = 1;
			remoteGlobalIDString = 58EAD55D29B3A554003A93BA;
			remoteInfo = Example;
		};
		58EAD57929B3A555003A93BA /* PBXContainerItemProxy */ = {
			isa = PBXContainerItemProxy;
			containerPortal = 58EAD55629B3A554003A93BA /* Project object */;
			proxyType = 1;
			remoteGlobalIDString = 58EAD55D29B3A554003A93BA;
			remoteInfo = Example;
		};
/* End PBXContainerItemProxy section */

/* Begin PBXFileReference section */
		58EAD55E29B3A554003A93BA /* Example.app */ = {isa = PBXFileReference; explicitFileType = wrapper.application; includeInIndex = 0; path = Example.app; sourceTree = BUILT_PRODUCTS_DIR; };
		58EAD56129B3A554003A93BA /* ExampleApp.swift */ = {isa = PBXFileReference; lastKnownFileType = sourcecode.swift; path = ExampleApp.swift; sourceTree = "<group>"; };
		58EAD56329B3A554003A93BA /* ContentView.swift */ = {isa = PBXFileReference; lastKnownFileType = sourcecode.swift; path = ContentView.swift; sourceTree = "<group>"; };
		58EAD56529B3A555003A93BA /* Assets.xcassets */ = {isa = PBXFileReference; lastKnownFileType = folder.assetcatalog; path = Assets.xcassets; sourceTree = "<group>"; };
		58EAD56829B3A555003A93BA /* Preview Assets.xcassets */ = {isa = PBXFileReference; lastKnownFileType = folder.assetcatalog; path = "Preview Assets.xcassets"; sourceTree = "<group>"; };
		58EAD56E29B3A555003A93BA /* ExampleTests.xctest */ = {isa = PBXFileReference; explicitFileType = wrapper.cfbundle; includeInIndex = 0; path = ExampleTests.xctest; sourceTree = BUILT_PRODUCTS_DIR; };
		58EAD57229B3A555003A93BA /* ExampleTests.swift */ = {isa = PBXFileReference; lastKnownFileType = sourcecode.swift; path = ExampleTests.swift; sourceTree = "<group>"; };
		58EAD57829B3A555003A93BA /* ExampleUITests.xctest */ = {isa = PBXFileReference; explicitFileType = wrapper.cfbundle; includeInIndex = 0; path = ExampleUITests.xctest; sourceTree = BUILT_PRODUCTS_DIR; };
		58EAD57C29B3A555003A93BA /* ExampleUITests.swift */ = {isa = PBXFileReference; lastKnownFileType = sourcecode.swift; path = ExampleUITests.swift; sourceTree = "<group>"; };
		58EAD57E29B3A555003A93BA /* ExampleUITestsLaunchTests.swift */ = {isa = PBXFileReference; lastKnownFileType = sourcecode.swift; path = ExampleUITestsLaunchTests.swift; sourceTree = "<group>"; };
/* End PBXFileReference section */

/* Begin PBXFrameworksBuildPhase section */
		58EAD55B29B3A554003A93BA /* Frameworks */ = {
			isa = PBXFrameworksBuildPhase;
			buildActionMask = 2147483647;
			files = (
				58EAD58D29B3A610003A93BA /* ReverseMask in Frameworks */,
			);
			runOnlyForDeploymentPostprocessing = 0;
		};
		58EAD56B29B3A555003A93BA /* Frameworks */ = {
			isa = PBXFrameworksBuildPhase;
			buildActionMask = 2147483647;
			files = (
			);
			runOnlyForDeploymentPostprocessing = 0;
		};
		58EAD57529B3A555003A93BA /* Frameworks */ = {
			isa = PBXFrameworksBuildPhase;
			buildActionMask = 2147483647;
			files = (
			);
			runOnlyForDeploymentPostprocessing = 0;
		};
/* End PBXFrameworksBuildPhase section */

/* Begin PBXGroup section */
		58EAD55529B3A554003A93BA = {
			isa = PBXGroup;
			children = (
				58EAD56029B3A554003A93BA /* Example */,
				58EAD57129B3A555003A93BA /* ExampleTests */,
				58EAD57B29B3A555003A93BA /* ExampleUITests */,
				58EAD55F29B3A554003A93BA /* Products */,
			);
			sourceTree = "<group>";
		};
		58EAD55F29B3A554003A93BA /* Products */ = {
			isa = PBXGroup;
			children = (
				58EAD55E29B3A554003A93BA /* Example.app */,
				58EAD56E29B3A555003A93BA /* ExampleTests.xctest */,
				58EAD57829B3A555003A93BA /* ExampleUITests.xctest */,
			);
			name = Products;
			sourceTree = "<group>";
		};
		58EAD56029B3A554003A93BA /* Example */ = {
			isa = PBXGroup;
			children = (
				58EAD56129B3A554003A93BA /* ExampleApp.swift */,
				58EAD56329B3A554003A93BA /* ContentView.swift */,
				58EAD56529B3A555003A93BA /* Assets.xcassets */,
				58EAD56729B3A555003A93BA /* Preview Content */,
			);
			path = Example;
			sourceTree = "<group>";
		};
		58EAD56729B3A555003A93BA /* Preview Content */ = {
			isa = PBXGroup;
			children = (
				58EAD56829B3A555003A93BA /* Preview Assets.xcassets */,
			);
			path = "Preview Content";
			sourceTree = "<group>";
		};
		58EAD57129B3A555003A93BA /* ExampleTests */ = {
			isa = PBXGroup;
			children = (
				58EAD57229B3A555003A93BA /* ExampleTests.swift */,
			);
			path = ExampleTests;
			sourceTree = "<group>";
		};
		58EAD57B29B3A555003A93BA /* ExampleUITests */ = {
			isa = PBXGroup;
			children = (
				58EAD57C29B3A555003A93BA /* ExampleUITests.swift */,
				58EAD57E29B3A555003A93BA /* ExampleUITestsLaunchTests.swift */,
			);
			path = ExampleUITests;
			sourceTree = "<group>";
		};
/* End PBXGroup section */

/* Begin PBXNativeTarget section */
		58EAD55D29B3A554003A93BA /* Example */ = {
			isa = PBXNativeTarget;
			buildConfigurationList = 58EAD58229B3A555003A93BA /* Build configuration list for PBXNativeTarget "Example" */;
			buildPhases = (
				58EAD55A29B3A554003A93BA /* Sources */,
				58EAD55B29B3A554003A93BA /* Frameworks */,
				58EAD55C29B3A554003A93BA /* Resources */,
			);
			buildRules = (
			);
			dependencies = (
			);
			name = Example;
			packageProductDependencies = (
				58EAD58C29B3A610003A93BA /* ReverseMask */,
			);
			productName = Example;
			productReference = 58EAD55E29B3A554003A93BA /* Example.app */;
			productType = "com.apple.product-type.application";
		};
		58EAD56D29B3A555003A93BA /* ExampleTests */ = {
			isa = PBXNativeTarget;
			buildConfigurationList = 58EAD58529B3A555003A93BA /* Build configuration list for PBXNativeTarget "ExampleTests" */;
			buildPhases = (
				58EAD56A29B3A555003A93BA /* Sources */,
				58EAD56B29B3A555003A93BA /* Frameworks */,
				58EAD56C29B3A555003A93BA /* Resources */,
			);
			buildRules = (
			);
			dependencies = (
				58EAD57029B3A555003A93BA /* PBXTargetDependency */,
			);
			name = ExampleTests;
			productName = ExampleTests;
			productReference = 58EAD56E29B3A555003A93BA /* ExampleTests.xctest */;
			productType = "com.apple.product-type.bundle.unit-test";
		};
		58EAD57729B3A555003A93BA /* ExampleUITests */ = {
			isa = PBXNativeTarget;
			buildConfigurationList = 58EAD58829B3A555003A93BA /* Build configuration list for PBXNativeTarget "ExampleUITests" */;
			buildPhases = (
				58EAD57429B3A555003A93BA /* Sources */,
				58EAD57529B3A555003A93BA /* Frameworks */,
				58EAD57629B3A555003A93BA /* Resources */,
			);
			buildRules = (
			);
			dependencies = (
				58EAD57A29B3A555003A93BA /* PBXTargetDependency */,
			);
			name = ExampleUITests;
			productName = ExampleUITests;
			productReference = 58EAD57829B3A555003A93BA /* ExampleUITests.xctest */;
			productType = "com.apple.product-type.bundle.ui-testing";
		};
/* End PBXNativeTarget section */

/* Begin PBXProject section */
		58EAD55629B3A554003A93BA /* Project object */ = {
			isa = PBXProject;
			attributes = {
				BuildIndependentTargetsInParallel = 1;
				LastSwiftUpdateCheck = 1420;
				LastUpgradeCheck = 1420;
				TargetAttributes = {
					58EAD55D29B3A554003A93BA = {
						CreatedOnToolsVersion = 14.2;
					};
					58EAD56D29B3A555003A93BA = {
						CreatedOnToolsVersion = 14.2;
						TestTargetID = 58EAD55D29B3A554003A93BA;
					};
					58EAD57729B3A555003A93BA = {
						CreatedOnToolsVersion = 14.2;
						TestTargetID = 58EAD55D29B3A554003A93BA;
					};
				};
			};
			buildConfigurationList = 58EAD55929B3A554003A93BA /* Build configuration list for PBXProject "Example" */;
			compatibilityVersion = "Xcode 14.0";
			developmentRegion = en;
			hasScannedForEncodings = 0;
			knownRegions = (
				en,
				Base,
			);
			mainGroup = 58EAD55529B3A554003A93BA;
			packageReferences = (
				58EAD58B29B3A610003A93BA /* XCRemoteSwiftPackageReference "ReverseMask" */,
			);
			productRefGroup = 58EAD55F29B3A554003A93BA /* Products */;
			projectDirPath = "";
			projectRoot = "";
			targets = (
				58EAD55D29B3A554003A93BA /* Example */,
				58EAD56D29B3A555003A93BA /* ExampleTests */,
				58EAD57729B3A555003A93BA /* ExampleUITests */,
			);
		};
/* End PBXProject section */

/* Begin PBXResourcesBuildPhase section */
		58EAD55C29B3A554003A93BA /* Resources */ = {
			isa = PBXResourcesBuildPhase;
			buildActionMask = 2147483647;
			files = (
				58EAD56929B3A555003A93BA /* Preview Assets.xcassets in Resources */,
				58EAD56629B3A555003A93BA /* Assets.xcassets in Resources */,
			);
			runOnlyForDeploymentPostprocessing = 0;
		};
		58EAD56C29B3A555003A93BA /* Resources */ = {
			isa = PBXResourcesBuildPhase;
			buildActionMask = 2147483647;
			files = (
			);
			runOnlyForDeploymentPostprocessing = 0;
		};
		58EAD57629B3A555003A93BA /* Resources */ = {
			isa = PBXResourcesBuildPhase;
			buildActionMask = 2147483647;
			files = (
			);
			runOnlyForDeploymentPostprocessing = 0;
		};
/* End PBXResourcesBuildPhase section */

/* Begin PBXSourcesBuildPhase section */
		58EAD55A29B3A554003A93BA /* Sources */ = {
			isa = PBXSourcesBuildPhase;
			buildActionMask = 2147483647;
			files = (
				58EAD56429B3A554003A93BA /* ContentView.swift in Sources */,
				58EAD56229B3A554003A93BA /* ExampleApp.swift in Sources */,
			);
			runOnlyForDeploymentPostprocessing = 0;
		};
		58EAD56A29B3A555003A93BA /* Sources */ = {
			isa = PBXSourcesBuildPhase;
			buildActionMask = 2147483647;
			files = (
				58EAD57329B3A555003A93BA /* ExampleTests.swift in Sources */,
			);
			runOnlyForDeploymentPostprocessing = 0;
		};
		58EAD57429B3A555003A93BA /* Sources */ = {
			isa = PBXSourcesBuildPhase;
			buildActionMask = 2147483647;
			files = (
				58EAD57D29B3A555003A93BA /* ExampleUITests.swift in Sources */,
				58EAD57F29B3A555003A93BA /* ExampleUITestsLaunchTests.swift in Sources */,
			);
			runOnlyForDeploymentPostprocessing = 0;
		};
/* End PBXSourcesBuildPhase section */

/* Begin PBXTargetDependency section */
		58EAD57029B3A555003A93BA /* PBXTargetDependency */ = {
			isa = PBXTargetDependency;
			target = 58EAD55D29B3A554003A93BA /* Example */;
			targetProxy = 58EAD56F29B3A555003A93BA /* PBXContainerItemProxy */;
		};
		58EAD57A29B3A555003A93BA /* PBXTargetDependency */ = {
			isa = PBXTargetDependency;
			target = 58EAD55D29B3A554003A93BA /* Example */;
			targetProxy = 58EAD57929B3A555003A93BA /* PBXContainerItemProxy */;
		};
/* End PBXTargetDependency section */

/* Begin XCBuildConfiguration section */
		58EAD58029B3A555003A93BA /* Debug */ = {
			isa = XCBuildConfiguration;
			buildSettings = {
				ALWAYS_SEARCH_USER_PATHS = NO;
				CLANG_ANALYZER_NONNULL = YES;
				CLANG_ANALYZER_NUMBER_OBJECT_CONVERSION = YES_AGGRESSIVE;
				CLANG_CXX_LANGUAGE_STANDARD = "gnu++20";
				CLANG_ENABLE_MODULES = YES;
				CLANG_ENABLE_OBJC_ARC = YES;
				CLANG_ENABLE_OBJC_WEAK = YES;
				CLANG_WARN_BLOCK_CAPTURE_AUTORELEASING = YES;
				CLANG_WARN_BOOL_CONVERSION = YES;
				CLANG_WARN_COMMA = YES;
				CLANG_WARN_CONSTANT_CONVERSION = YES;
				CLANG_WARN_DEPRECATED_OBJC_IMPLEMENTATIONS = YES;
				CLANG_WARN_DIRECT_OBJC_ISA_USAGE = YES_ERROR;
				CLANG_WARN_DOCUMENTATION_COMMENTS = YES;
				CLANG_WARN_EMPTY_BODY = YES;
				CLANG_WARN_ENUM_CONVERSION = YES;
				CLANG_WARN_INFINITE_RECURSION = YES;
				CLANG_WARN_INT_CONVERSION = YES;
				CLANG_WARN_NON_LITERAL_NULL_CONVERSION = YES;
				CLANG_WARN_OBJC_IMPLICIT_RETAIN_SELF = YES;
				CLANG_WARN_OBJC_LITERAL_CONVERSION = YES;
				CLANG_WARN_OBJC_ROOT_CLASS = YES_ERROR;
				CLANG_WARN_QUOTED_INCLUDE_IN_FRAMEWORK_HEADER = YES;
				CLANG_WARN_RANGE_LOOP_ANALYSIS = YES;
				CLANG_WARN_STRICT_PROTOTYPES = YES;
				CLANG_WARN_SUSPICIOUS_MOVE = YES;
				CLANG_WARN_UNGUARDED_AVAILABILITY = YES_AGGRESSIVE;
				CLANG_WARN_UNREACHABLE_CODE = YES;
				CLANG_WARN__DUPLICATE_METHOD_MATCH = YES;
				COPY_PHASE_STRIP = NO;
				DEBUG_INFORMATION_FORMAT = dwarf;
				ENABLE_STRICT_OBJC_MSGSEND = YES;
				ENABLE_TESTABILITY = YES;
				GCC_C_LANGUAGE_STANDARD = gnu11;
				GCC_DYNAMIC_NO_PIC = NO;
				GCC_NO_COMMON_BLOCKS = YES;
				GCC_OPTIMIZATION_LEVEL = 0;
				GCC_PREPROCESSOR_DEFINITIONS = (
					"DEBUG=1",
					"$(inherited)",
				);
				GCC_WARN_64_TO_32_BIT_CONVERSION = YES;
				GCC_WARN_ABOUT_RETURN_TYPE = YES_ERROR;
				GCC_WARN_UNDECLARED_SELECTOR = YES;
				GCC_WARN_UNINITIALIZED_AUTOS = YES_AGGRESSIVE;
				GCC_WARN_UNUSED_FUNCTION = YES;
				GCC_WARN_UNUSED_VARIABLE = YES;
				IPHONEOS_DEPLOYMENT_TARGET = 17.0;
				MTL_ENABLE_DEBUG_INFO = INCLUDE_SOURCE;
				MTL_FAST_MATH = YES;
				ONLY_ACTIVE_ARCH = YES;
				SDKROOT = iphoneos;
				SWIFT_ACTIVE_COMPILATION_CONDITIONS = DEBUG;
				SWIFT_OPTIMIZATION_LEVEL = "-Onone";
			};
			name = Debug;
		};
		58EAD58129B3A555003A93BA /* Release */ = {
			isa = XCBuildConfiguration;
			buildSettings = {
				ALWAYS_SEARCH_USER_PATHS = NO;
				CLANG_ANALYZER_NONNULL = YES;
				CLANG_ANALYZER_NUMBER_OBJECT_CONVERSION = YES_AGGRESSIVE;
				CLANG_CXX_LANGUAGE_STANDARD = "gnu++20";
				CLANG_ENABLE_MODULES = YES;
				CLANG_ENABLE_OBJC_ARC = YES;
				CLANG_ENABLE_OBJC_WEAK = YES;
				CLANG_WARN_BLOCK_CAPTURE_AUTORELEASING = YES;
				CLANG_WARN_BOOL_CONVERSION = YES;
				CLANG_WARN_COMMA = YES;
				CLANG_WARN_CONSTANT_CONVERSION = YES;
				CLANG_WARN_DEPRECATED_OBJC_IMPLEMENTATIONS = YES;
				CLANG_WARN_DIRECT_OBJC_ISA_USAGE = YES_ERROR;
				CLANG_WARN_DOCUMENTATION_COMMENTS = YES;
				CLANG_WARN_EMPTY_BODY = YES;
				CLANG_WARN_ENUM_CONVERSION = YES;
				CLANG_WARN_INFINITE_RECURSION = YES;
				CLANG_WARN_INT_CONVERSION = YES;
				CLANG_WARN_NON_LITERAL_NULL_CONVERSION = YES;
				CLANG_WARN_OBJC_IMPLICIT_RETAIN_SELF = YES;
				CLANG_WARN_OBJC_LITERAL_CONVERSION = YES;
				CLANG_WARN_OBJC_ROOT_CLASS = YES_ERROR;
				CLANG_WARN_QUOTED_INCLUDE_IN_FRAMEWORK_HEADER = YES;
				CLANG_WARN_RANGE_LOOP_ANALYSIS = YES;
				CLANG_WARN_STRICT_PROTOTYPES = YES;
				CLANG_WARN_SUSPICIOUS_MOVE = YES;
				CLANG_WARN_UNGUARDED_AVAILABILITY = YES_AGGRESSIVE;
				CLANG_WARN_UNREACHABLE_CODE = YES;
				CLANG_WARN__DUPLICATE_METHOD_MATCH = YES;
				COPY_PHASE_STRIP = NO;
				DEBUG_INFORMATION_FORMAT = "dwarf-with-dsym";
				ENABLE_NS_ASSERTIONS = NO;
				ENABLE_STRICT_OBJC_MSGSEND = YES;
				GCC_C_LANGUAGE_STANDARD = gnu11;
				GCC_NO_COMMON_BLOCKS = YES;
				GCC_WARN_64_TO_32_BIT_CONVERSION = YES;
				GCC_WARN_ABOUT_RETURN_TYPE = YES_ERROR;
				GCC_WARN_UNDECLARED_SELECTOR = YES;
				GCC_WARN_UNINITIALIZED_AUTOS = YES_AGGRESSIVE;
				GCC_WARN_UNUSED_FUNCTION = YES;
				GCC_WARN_UNUSED_VARIABLE = YES;
				IPHONEOS_DEPLOYMENT_TARGET = 17.0;
				MTL_ENABLE_DEBUG_INFO = NO;
				MTL_FAST_MATH = YES;
				SDKROOT = iphoneos;
				SWIFT_COMPILATION_MODE = wholemodule;
				SWIFT_OPTIMIZATION_LEVEL = "-O";
				VALIDATE_PRODUCT = YES;
			};
			name = Release;
		};
		58EAD58329B3A555003A93BA /* Debug */ = {
			isa = XCBuildConfiguration;
			buildSettings = {
				ASSETCATALOG_COMPILER_APPICON_NAME = AppIcon;
				ASSETCATALOG_COMPILER_GLOBAL_ACCENT_COLOR_NAME = AccentColor;
				CODE_SIGN_STYLE = Automatic;
				CURRENT_PROJECT_VERSION = 1;
				DEVELOPMENT_ASSET_PATHS = "\"Example/Preview Content\"";
				ENABLE_PREVIEWS = YES;
				GENERATE_INFOPLIST_FILE = YES;
				INFOPLIST_KEY_UIApplicationSceneManifest_Generation = YES;
				INFOPLIST_KEY_UIApplicationSupportsIndirectInputEvents = YES;
				INFOPLIST_KEY_UILaunchScreen_Generation = YES;
				INFOPLIST_KEY_UISupportedInterfaceOrientations_iPad = "UIInterfaceOrientationPortrait UIInterfaceOrientationPortraitUpsideDown UIInterfaceOrientationLandscapeLeft UIInterfaceOrientationLandscapeRight";
				INFOPLIST_KEY_UISupportedInterfaceOrientations_iPhone = "UIInterfaceOrientationPortrait UIInterfaceOrientationLandscapeLeft UIInterfaceOrientationLandscapeRight";
				IPHONEOS_DEPLOYMENT_TARGET = 17.0;
				LD_RUNPATH_SEARCH_PATHS = (
					"$(inherited)",
					"@executable_path/Frameworks",
				);
				MARKETING_VERSION = 1.0;
				PRODUCT_BUNDLE_IDENTIFIER = hu.example.reverse.mask.Example.Example;
				PRODUCT_NAME = "$(TARGET_NAME)";
				SWIFT_EMIT_LOC_STRINGS = YES;
				SWIFT_VERSION = 5.0;
				TARGETED_DEVICE_FAMILY = "1,2";
			};
			name = Debug;
		};
		58EAD58429B3A555003A93BA /* Release */ = {
			isa = XCBuildConfiguration;
			buildSettings = {
				ASSETCATALOG_COMPILER_APPICON_NAME = AppIcon;
				ASSETCATALOG_COMPILER_GLOBAL_ACCENT_COLOR_NAME = AccentColor;
				CODE_SIGN_STYLE = Automatic;
				CURRENT_PROJECT_VERSION = 1;
				DEVELOPMENT_ASSET_PATHS = "\"Example/Preview Content\"";
				ENABLE_PREVIEWS = YES;
				GENERATE_INFOPLIST_FILE = YES;
				INFOPLIST_KEY_UIApplicationSceneManifest_Generation = YES;
				INFOPLIST_KEY_UIApplicationSupportsIndirectInputEvents = YES;
				INFOPLIST_KEY_UILaunchScreen_Generation = YES;
				INFOPLIST_KEY_UISupportedInterfaceOrientations_iPad = "UIInterfaceOrientationPortrait UIInterfaceOrientationPortraitUpsideDown UIInterfaceOrientationLandscapeLeft UIInterfaceOrientationLandscapeRight";
				INFOPLIST_KEY_UISupportedInterfaceOrientations_iPhone = "UIInterfaceOrientationPortrait UIInterfaceOrientationLandscapeLeft UIInterfaceOrientationLandscapeRight";
				IPHONEOS_DEPLOYMENT_TARGET = 17.0;
				LD_RUNPATH_SEARCH_PATHS = (
					"$(inherited)",
					"@executable_path/Frameworks",
				);
				MARKETING_VERSION = 1.0;
				PRODUCT_BUNDLE_IDENTIFIER = hu.example.reverse.mask.Example.Example;
				PRODUCT_NAME = "$(TARGET_NAME)";
				SWIFT_EMIT_LOC_STRINGS = YES;
				SWIFT_VERSION = 5.0;
				TARGETED_DEVICE_FAMILY = "1,2";
			};
			name = Release;
		};
		58EAD58629B3A555003A93BA /* Debug */ = {
			isa = XCBuildConfiguration;
			buildSettings = {
				ALWAYS_EMBED_SWIFT_STANDARD_LIBRARIES = YES;
				BUNDLE_LOADER = "$(TEST_HOST)";
				CODE_SIGN_STYLE = Automatic;
				CURRENT_PROJECT_VERSION = 1;
				GENERATE_INFOPLIST_FILE = YES;
				IPHONEOS_DEPLOYMENT_TARGET = 17.0;
				MARKETING_VERSION = 1.0;
				PRODUCT_BUNDLE_IDENTIFIER = hu.example.reverse.mask.Example.ExampleTests;
				PRODUCT_NAME = "$(TARGET_NAME)";
				SWIFT_EMIT_LOC_STRINGS = NO;
				SWIFT_VERSION = 5.0;
				TARGETED_DEVICE_FAMILY = "1,2";
				TEST_HOST = "$(BUILT_PRODUCTS_DIR)/Example.app/$(BUNDLE_EXECUTABLE_FOLDER_PATH)/Example";
			};
			name = Debug;
		};
		58EAD58729B3A555003A93BA /* Release */ = {
			isa = XCBuildConfiguration;
			buildSettings = {
				ALWAYS_EMBED_SWIFT_STANDARD_LIBRARIES = YES;
				BUNDLE_LOADER = "$(TEST_HOST)";
				CODE_SIGN_STYLE = Automatic;
				CURRENT_PROJECT_VERSION = 1;
				GENERATE_INFOPLIST_FILE = YES;
				IPHONEOS_DEPLOYMENT_TARGET = 17.0;
				MARKETING_VERSION = 1.0;
				PRODUCT_BUNDLE_IDENTIFIER = hu.example.reverse.mask.Example.ExampleTests;
				PRODUCT_NAME = "$(TARGET_NAME)";
				SWIFT_EMIT_LOC_STRINGS = NO;
				SWIFT_VERSION = 5.0;
				TARGETED_DEVICE_FAMILY = "1,2";
				TEST_HOST = "$(BUILT_PRODUCTS_DIR)/Example.app/$(BUNDLE_EXECUTABLE_FOLDER_PATH)/Example";
			};
			name = Release;
		};
		58EAD58929B3A555003A93BA /* Debug */ = {
			isa = XCBuildConfiguration;
			buildSettings = {
				ALWAYS_EMBED_SWIFT_STANDARD_LIBRARIES = YES;
				CODE_SIGN_STYLE = Automatic;
				CURRENT_PROJECT_VERSION = 1;
				GENERATE_INFOPLIST_FILE = YES;
				IPHONEOS_DEPLOYMENT_TARGET = 17.0;
				MARKETING_VERSION = 1.0;
				PRODUCT_BUNDLE_IDENTIFIER = hu.example.reverse.mask.Example.ExampleUITests;
				PRODUCT_NAME = "$(TARGET_NAME)";
				SWIFT_EMIT_LOC_STRINGS = NO;
				SWIFT_VERSION = 5.0;
				TARGETED_DEVICE_FAMILY = "1,2";
				TEST_TARGET_NAME = Example;
			};
			name = Debug;
		};
		58EAD58A29B3A555003A93BA /* Release */ = {
			isa = XCBuildConfiguration;
			buildSettings = {
				ALWAYS_EMBED_SWIFT_STANDARD_LIBRARIES = YES;
				CODE_SIGN_STYLE = Automatic;
				CURRENT_PROJECT_VERSION = 1;
				GENERATE_INFOPLIST_FILE = YES;
				IPHONEOS_DEPLOYMENT_TARGET = 17.0;
				MARKETING_VERSION = 1.0;
				PRODUCT_BUNDLE_IDENTIFIER = hu.example.reverse.mask.Example.ExampleUITests;
				PRODUCT_NAME = "$(TARGET_NAME)";
				SWIFT_EMIT_LOC_STRINGS = NO;
				SWIFT_VERSION = 5.0;
				TARGETED_DEVICE_FAMILY = "1,2";
				TEST_TARGET_NAME = Example;
			};
			name = Release;
		};
/* End XCBuildConfiguration section */

/* Begin XCConfigurationList section */
		58EAD55929B3A554003A93BA /* Build configuration list for PBXProject "Example" */ = {
			isa = XCConfigurationList;
			buildConfigurations = (
				58EAD58029B3A555003A93BA /* Debug */,
				58EAD58129B3A555003A93BA /* Release */,
			);
			defaultConfigurationIsVisible = 0;
			defaultConfigurationName = Release;
		};
		58EAD58229B3A555003A93BA /* Build configuration list for PBXNativeTarget "Example" */ = {
			isa = XCConfigurationList;
			buildConfigurations = (
				58EAD58329B3A555003A93BA /* Debug */,
				58EAD58429B3A555003A93BA /* Release */,
			);
			defaultConfigurationIsVisible = 0;
			defaultConfigurationName = Release;
		};
		58EAD58529B3A555003A93BA /* Build configuration list for PBXNativeTarget "ExampleTests" */ = {
			isa = XCConfigurationList;
			buildConfigurations = (
				58EAD58629B3A555003A93BA /* Debug */,
				58EAD58729B3A555003A93BA /* Release */,
			);
			defaultConfigurationIsVisible = 0;
			defaultConfigurationName = Release;
		};
		58EAD58829B3A555003A93BA /* Build configuration list for PBXNativeTarget "ExampleUITests" */ = {
			isa = XCConfigurationList;
			buildConfigurations = (
				58EAD58929B3A555003A93BA /* Debug */,
				58EAD58A29B3A555003A93BA /* Release */,
			);
			defaultConfigurationIsVisible = 0;
			defaultConfigurationName = Release;
		};
/* End XCConfigurationList section */

/* Begin XCRemoteSwiftPackageReference section */
		58EAD58B29B3A610003A93BA /* XCRemoteSwiftPackageReference "ReverseMask" */ = {
			isa = XCRemoteSwiftPackageReference;
			repositoryURL = "https://github.com/stateman92/ReverseMask";
			requirement = {
				kind = exactVersion;
				version = 0.0.1;
			};
		};
/* End XCRemoteSwiftPackageReference section */

/* Begin XCSwiftPackageProductDependency section */
		58EAD58C29B3A610003A93BA /* ReverseMask */ = {
			isa = XCSwiftPackageProductDependency;
			package = 58EAD58B29B3A610003A93BA /* XCRemoteSwiftPackageReference "ReverseMask" */;
			productName = ReverseMask;
		};
/* End XCSwiftPackageProductDependency section */
	};
	rootObject = 58EAD55629B3A554003A93BA /* Project object */;
}
